
Microsoft Visual Studio Solution File, Format Version 12.00
# Visual Studio 15
VisualStudioVersion = 15.0.27428.2015
MinimumVisualStudioVersion = 10.0.40219.1
Project("{9A19103F-16F7-4668-BE54-9A1E7A4F7556}") = "CloudService.Host", "CloudService.Host\CloudService.Host.csproj", "{A6C091EB-1A6E-4BA4-A13A-1A0FCB32253B}"
EndProject
Project("{9A19103F-16F7-4668-BE54-9A1E7A4F7556}") = "CloudService.Model", "CloudService.Model\CloudService.Model.csproj", "{FD2EF270-C04F-4344-9FC7-246CC634971D}"
EndProject
Project("{9A19103F-16F7-4668-BE54-9A1E7A4F7556}") = "CloudService.Common", "CloudService.Common\CloudService.Common.csproj", "{2C4550D6-F16E-4A90-BCCF-209F986F89C7}"
EndProject
Project("{9A19103F-16F7-4668-BE54-9A1E7A4F7556}") = "CloudService.Service.WebApi", "CloudService.Service.WebApi\CloudService.Service.WebApi.csproj", "{2849B89E-568D-420F-A7A9-5DA43A0B8A05}"
EndProject
Project("{9A19103F-16F7-4668-BE54-9A1E7A4F7556}") = "CloudService.Infrastructure", "CloudService.Infrastructure\CloudService.Infrastructure.csproj", "{8A5C29F4-49C2-4053-85D5-8CD47FD05AC3}"
EndProject
Project("{FAE04EC0-301F-11D3-BF4B-00C04F79EFBC}") = "CloudService.Service.WorkTask", "CloudService.Service.WorkTask\CloudService.Service.WorkTask.csproj", "{4889959E-CB10-4D0D-8D7C-7CA37B3A55A7}"
EndProject
Project("{FAE04EC0-301F-11D3-BF4B-00C04F79EFBC}") = "CloudService.Test", "CloudService.Test\CloudService.Test.csproj", "{94233466-2137-4581-B5A8-A05E6192CE1B}"
EndProject
Global
	GlobalSection(SolutionConfigurationPlatforms) = preSolution
		Debug|Any CPU = Debug|Any CPU
		Release|Any CPU = Release|Any CPU
	EndGlobalSection
	GlobalSection(ProjectConfigurationPlatforms) = postSolution
		{A6C091EB-1A6E-4BA4-A13A-1A0FCB32253B}.Debug|Any CPU.ActiveCfg = Debug|Any CPU
		{A6C091EB-1A6E-4BA4-A13A-1A0FCB32253B}.Debug|Any CPU.Build.0 = Debug|Any CPU
		{A6C091EB-1A6E-4BA4-A13A-1A0FCB32253B}.Release|Any CPU.ActiveCfg = Release|Any CPU
		{A6C091EB-1A6E-4BA4-A13A-1A0FCB32253B}.Release|Any CPU.Build.0 = Release|Any CPU
		{FD2EF270-C04F-4344-9FC7-246CC634971D}.Debug|Any CPU.ActiveCfg = Debug|Any CPU
		{FD2EF270-C04F-4344-9FC7-246CC634971D}.Debug|Any CPU.Build.0 = Debug|Any CPU
		{FD2EF270-C04F-4344-9FC7-246CC634971D}.Release|Any CPU.ActiveCfg = Release|Any CPU
		{FD2EF270-C04F-4344-9FC7-246CC634971D}.Release|Any CPU.Build.0 = Release|Any CPU
		{2C4550D6-F16E-4A90-BCCF-209F986F89C7}.Debug|Any CPU.ActiveCfg = Debug|Any CPU
		{2C4550D6-F16E-4A90-BCCF-209F986F89C7}.Debug|Any CPU.Build.0 = Debug|Any CPU
		{2C4550D6-F16E-4A90-BCCF-209F986F89C7}.Release|Any CPU.ActiveCfg = Release|Any CPU
		{2C4550D6-F16E-4A90-BCCF-209F986F89C7}.Release|Any CPU.Build.0 = Release|Any CPU
		{2849B89E-568D-420F-A7A9-5DA43A0B8A05}.Debug|Any CPU.ActiveCfg = Debug|Any CPU
		{2849B89E-568D-420F-A7A9-5DA43A0B8A05}.Debug|Any CPU.Build.0 = Debug|Any CPU
		{2849B89E-568D-420F-A7A9-5DA43A0B8A05}.Release|Any CPU.ActiveCfg = Release|Any CPU
		{2849B89E-568D-420F-A7A9-5DA43A0B8A05}.Release|Any CPU.Build.0 = Release|Any CPU
		{8A5C29F4-49C2-4053-85D5-8CD47FD05AC3}.Debug|Any CPU.ActiveCfg = Debug|Any CPU
		{8A5C29F4-49C2-4053-85D5-8CD47FD05AC3}.Debug|Any CPU.Build.0 = Debug|Any CPU
		{8A5C29F4-49C2-4053-85D5-8CD47FD05AC3}.Release|Any CPU.ActiveCfg = Release|Any CPU
		{8A5C29F4-49C2-4053-85D5-8CD47FD05AC3}.Release|Any CPU.Build.0 = Release|Any CPU
		{4889959E-CB10-4D0D-8D7C-7CA37B3A55A7}.Debug|Any CPU.ActiveCfg = Debug|Any CPU
		{4889959E-CB10-4D0D-8D7C-7CA37B3A55A7}.Debug|Any CPU.Build.0 = Debug|Any CPU
		{4889959E-CB10-4D0D-8D7C-7CA37B3A55A7}.Release|Any CPU.ActiveCfg = Release|Any CPU
		{4889959E-CB10-4D0D-8D7C-7CA37B3A55A7}.Release|Any CPU.Build.0 = Release|Any CPU
		{94233466-2137-4581-B5A8-A05E6192CE1B}.Debug|Any CPU.ActiveCfg = Debug|Any CPU
		{94233466-2137-4581-B5A8-A05E6192CE1B}.Debug|Any CPU.Build.0 = Debug|Any CPU
		{94233466-2137-4581-B5A8-A05E6192CE1B}.Release|Any CPU.ActiveCfg = Release|Any CPU
		{94233466-2137-4581-B5A8-A05E6192CE1B}.Release|Any CPU.Build.0 = Release|Any CPU
	EndGlobalSection
	GlobalSection(SolutionProperties) = preSolution
		HideSolutionNode = FALSE
	EndGlobalSection
	GlobalSection(ExtensibilityGlobals) = postSolution
		SolutionGuid = {D99A6DC7-1ED8-4DCB-9E92-68B9A25A4C96}
	EndGlobalSection
EndGlobal
